
Microsoft Visual Studio Solution File, Format Version 12.00
# Visual Studio Version 17
VisualStudioVersion = 17.5.33530.505
MinimumVisualStudioVersion = 10.0.40219.1
Project("{9A19103F-16F7-4668-BE54-9A1E7A4F7556}") = "EstudoProjetoCS", "EstudoProjetoCS.csproj", "{AFDE0D74-E512-4545-84E6-3D365C820F08}"
EndProject
Global
	GlobalSection(SolutionConfigurationPlatforms) = preSolution
		Debug|Any CPU = Debug|Any CPU
		Release|Any CPU = Release|Any CPU
	EndGlobalSection
	GlobalSection(ProjectConfigurationPlatforms) = postSolution
		{AFDE0D74-E512-4545-84E6-3D365C820F08}.Debug|Any CPU.ActiveCfg = Debug|Any CPU
		{AFDE0D74-E512-4545-84E6-3D365C820F08}.Debug|Any CPU.Build.0 = Debug|Any CPU
		{AFDE0D74-E512-4545-84E6-3D365C820F08}.Release|Any CPU.ActiveCfg = Release|Any CPU
		{AFDE0D74-E512-4545-84E6-3D365C820F08}.Release|Any CPU.Build.0 = Release|Any CPU
	EndGlobalSection
	GlobalSection(SolutionProperties) = preSolution
		HideSolutionNode = FALSE
	EndGlobalSection
	GlobalSection(ExtensibilityGlobals) = postSolution
		SolutionGuid = {BE6F1637-3E15-4B6B-A09A-60CB0050F32C}
	EndGlobalSection
EndGlobal
